git.sr.ht/~adnano/go-gemini v0.2.6 h1:3TBtoY6Id62al/o4RF6NDS83dPfFqewB56Pd+AKPSr0=
git.sr.ht/~adnano/go-gemini v0.2.6/go.mod h1:3BB0/uhL1n6enIi3cJsY08Es0WZbHjxIedO0XrsobdE=
git.sr.ht/~sircmpwn/getopt v0.0.0-20191230200459-23622cc906b3 h1:4wDp4BKF7NQqoh73VXpZsB/t1OEhDpz/zEpmdQfbjDk=
git.sr.ht/~sircmpwn/getopt v0.0.0-20191230200459-23622cc906b3/go.mod h1:wMEGFFFNuPos7vHmWXfszqImLppbc0wEhh6JBfJIUgw=
git.sr.ht/~sotirisp/go-gemini v0.0.0-20250410154937-eaee0718bb6f h1:tZzG/Y06eRFj+sJiow8cb86Oir7DOo1hXbTXPUFM6C8=
git.sr.ht/~sotirisp/go-gemini v0.0.0-20250410154937-eaee0718bb6f/go.mod h1:t9Y1A/UyeuwRcyF+sDg+i55BObXdYpRkjAMYMvMGdX0=
github.com/davecgh/go-spew v1.1.0/go.mod h1:J7Y8YcW2NihsgmVo/mv3lAwl/skON4iLHjSsI+c5H38=
github.com/pmezard/go-difflib v1.0.0/go.mod h1:iKH77koFhYxTK1pcRnkKkqfTogsbg7gZNVY4sRDYZ/4=
github.com/stretchr/objx v0.1.0/go.mod h1:HFkY916IF+rwdDfMAkV7OtwuqBVzrE8GR6GFx+wExME=
github.com/stretchr/testify v1.3.0/go.mod h1:M5WIy9Dh21IEIfnGCwXGc5bZfKNJtfHm1UVUgZn+9EI=
golang.org/x/net v0.25.0 h1:d/OCCoBEUq33pjydKrGQhw7IlUPI2Oylr+8qLx49kac=
golang.org/x/net v0.25.0/go.mod h1:JkAGAh7GEvH74S6FOH42FLoXpXbE/aqXSrIQjXgsiwM=
golang.org/x/net v0.39.0 h1:ZCu7HMWDxpXpaiKdhzIfaltL9Lp31x/3fCP11bc6/fY=
golang.org/x/net v0.39.0/go.mod h1:X7NRbYVEA+ewNkCNyJ513WmMdQ3BineSwVtN2zD/d+E=
golang.org/x/text v0.15.0 h1:h1V/4gjBv8v9cjcR6+AR5+/cIYK5N/WAgiv4xlsEtAk=
golang.org/x/text v0.15.0/go.mod h1:18ZOQIKpY8NJVqYksKHtTdi31H5itFRjB5/qKTNYzSU=
golang.org/x/text v0.24.0 h1:dd5Bzh4yt5KYA8f9CJHCP4FB4D51c2c6JvN37xJJkJ0=
golang.org/x/text v0.24.0/go.mod h1:L8rBsPeo2pSS+xqN0d5u2ikmjtmoJbDBT1b7nHvFCdU=
